
Microsoft Visual Studio Solution File, Format Version 12.00
# Visual Studio 2013
VisualStudioVersion = 12.0.31101.0
MinimumVisualStudioVersion = 10.0.40219.1
Project("{FAE04EC0-301F-11D3-BF4B-00C04F79EFBC}") = "MenuProcessor", "MenuProcessor\MenuProcessor.csproj", "{6956E6F1-894D-43E3-B11F-A03CF7A87C09}"
EndProject
Project("{FAE04EC0-301F-11D3-BF4B-00C04F79EFBC}") = "MenuProcessorUnitTests", "MenuProcessorUnitTests\MenuProcessorUnitTests.csproj", "{17350528-2AA7-46EC-B58A-726083FAA539}"
EndProject
Project("{FAE04EC0-301F-11D3-BF4B-00C04F79EFBC}") = "MenuProcessorConsole", "MenuProcessorConsole\MenuProcessorConsole.csproj", "{EEBF3E9A-BF88-4CAD-B70C-7407BE1F98EE}"
EndProject
Project("{2150E333-8FDC-42A3-9474-1A3956D46DE8}") = "build", "build", "{E2992B55-215C-4B71-953D-2DDF8995C0BD}"
	ProjectSection(SolutionItems) = preProject
		build.cmd = build.cmd
	EndProjectSection
EndProject
Project("{2150E333-8FDC-42A3-9474-1A3956D46DE8}") = "documentation", "documentation", "{290FAF63-4548-4325-8A7D-84788AA14C92}"
	ProjectSection(SolutionItems) = preProject
		readme.txt = readme.txt
	EndProjectSection
EndProject
Global
	GlobalSection(SolutionConfigurationPlatforms) = preSolution
		Debug|Any CPU = Debug|Any CPU
		Release|Any CPU = Release|Any CPU
	EndGlobalSection
	GlobalSection(ProjectConfigurationPlatforms) = postSolution
		{6956E6F1-894D-43E3-B11F-A03CF7A87C09}.Debug|Any CPU.ActiveCfg = Debug|Any CPU
		{6956E6F1-894D-43E3-B11F-A03CF7A87C09}.Debug|Any CPU.Build.0 = Debug|Any CPU
		{6956E6F1-894D-43E3-B11F-A03CF7A87C09}.Release|Any CPU.ActiveCfg = Release|Any CPU
		{6956E6F1-894D-43E3-B11F-A03CF7A87C09}.Release|Any CPU.Build.0 = Release|Any CPU
		{17350528-2AA7-46EC-B58A-726083FAA539}.Debug|Any CPU.ActiveCfg = Debug|Any CPU
		{17350528-2AA7-46EC-B58A-726083FAA539}.Debug|Any CPU.Build.0 = Debug|Any CPU
		{17350528-2AA7-46EC-B58A-726083FAA539}.Release|Any CPU.ActiveCfg = Release|Any CPU
		{17350528-2AA7-46EC-B58A-726083FAA539}.Release|Any CPU.Build.0 = Release|Any CPU
		{EEBF3E9A-BF88-4CAD-B70C-7407BE1F98EE}.Debug|Any CPU.ActiveCfg = Debug|Any CPU
		{EEBF3E9A-BF88-4CAD-B70C-7407BE1F98EE}.Debug|Any CPU.Build.0 = Debug|Any CPU
		{EEBF3E9A-BF88-4CAD-B70C-7407BE1F98EE}.Release|Any CPU.ActiveCfg = Release|Any CPU
		{EEBF3E9A-BF88-4CAD-B70C-7407BE1F98EE}.Release|Any CPU.Build.0 = Release|Any CPU
	EndGlobalSection
	GlobalSection(SolutionProperties) = preSolution
		HideSolutionNode = FALSE
	EndGlobalSection
EndGlobal
